
Microsoft Visual Studio Solution File, Format Version 12.00
# Visual Studio Version 17
VisualStudioVersion = 17.13.35931.197 d17.13
MinimumVisualStudioVersion = 10.0.40219.1
Project("{FAE04EC0-301F-11D3-BF4B-00C04F79EFBC}") = "UserApp", "UserApp\UserApp.csproj", "{58956CB1-BBC6-44A6-A7DD-2F28B279D228}"
EndProject
Global
	GlobalSection(SolutionConfigurationPlatforms) = preSolution
		Debug|Any CPU = Debug|Any CPU
		Release|Any CPU = Release|Any CPU
	EndGlobalSection
	GlobalSection(ProjectConfigurationPlatforms) = postSolution
		{58956CB1-BBC6-44A6-A7DD-2F28B279D228}.Debug|Any CPU.ActiveCfg = Debug|Any CPU
		{58956CB1-BBC6-44A6-A7DD-2F28B279D228}.Debug|Any CPU.Build.0 = Debug|Any CPU
		{58956CB1-BBC6-44A6-A7DD-2F28B279D228}.Release|Any CPU.ActiveCfg = Release|Any CPU
		{58956CB1-BBC6-44A6-A7DD-2F28B279D228}.Release|Any CPU.Build.0 = Release|Any CPU
	EndGlobalSection
	GlobalSection(SolutionProperties) = preSolution
		HideSolutionNode = FALSE
	EndGlobalSection
	GlobalSection(ExtensibilityGlobals) = postSolution
		SolutionGuid = {844CF485-7B8D-42B8-9502-A6B286AE453D}
	EndGlobalSection
EndGlobal
